// !$*UTF8*$!
{
	archiveVersion = 1;
	classes = {
	};
	objectVersion = 50;
	objects = {

/* Begin PBXBuildFile section */
		3EBCEEEA238A840D008AF367 /* 03.png in Resources */ = {isa = PBXBuildFile; fileRef = 3EBCEEE8238A840D008AF367 /* 03.png */; };
		3EBCEEEB238A840D008AF367 /* 06.png in Resources */ = {isa = PBXBuildFile; fileRef = 3EBCEEE9238A840D008AF367 /* 06.png */; };
		3EBCEEEF238A86E3008AF367 /* skyblue.png in Resources */ = {isa = PBXBuildFile; fileRef = 3EBCEEED238A86E3008AF367 /* skyblue.png */; };
		3EBCEEF1238A87A3008AF367 /* pink.png in Resources */ = {isa = PBXBuildFile; fileRef = 3EBCEEF0238A87A3008AF367 /* pink.png */; };
		3ED48250238826BB00E66E93 /* AppDelegate.swift in Sources */ = {isa = PBXBuildFile; fileRef = 3ED4824F238826BB00E66E93 /* AppDelegate.swift */; };
		3ED48252238826BB00E66E93 /* SceneDelegate.swift in Sources */ = {isa = PBXBuildFile; fileRef = 3ED48251238826BB00E66E93 /* SceneDelegate.swift */; };
		3ED48254238826BB00E66E93 /* ViewController.swift in Sources */ = {isa = PBXBuildFile; fileRef = 3ED48253238826BB00E66E93 /* ViewController.swift */; };
		3ED48257238826BB00E66E93 /* Main.storyboard in Resources */ = {isa = PBXBuildFile; fileRef = 3ED48255238826BB00E66E93 /* Main.storyboard */; };
		3ED48259238826BE00E66E93 /* Assets.xcassets in Resources */ = {isa = PBXBuildFile; fileRef = 3ED48258238826BE00E66E93 /* Assets.xcassets */; };
		3ED4825C238826BE00E66E93 /* LaunchScreen.storyboard in Resources */ = {isa = PBXBuildFile; fileRef = 3ED4825A238826BE00E66E93 /* LaunchScreen.storyboard */; };
/* End PBXBuildFile section */

/* Begin PBXFileReference section */
		3EBCEEE8238A840D008AF367 /* 03.png */ = {isa = PBXFileReference; lastKnownFileType = image.png; path = 03.png; sourceTree = "<group>"; };
		3EBCEEE9238A840D008AF367 /* 06.png */ = {isa = PBXFileReference; lastKnownFileType = image.png; path = 06.png; sourceTree = "<group>"; };
		3EBCEEED238A86E3008AF367 /* skyblue.png */ = {isa = PBXFileReference; lastKnownFileType = image.png; path = skyblue.png; sourceTree = "<group>"; };
		3EBCEEF0238A87A3008AF367 /* pink.png */ = {isa = PBXFileReference; lastKnownFileType = image.png; name = pink.png; path = ../../../../../../../../Desktop/pink.png; sourceTree = "<group>"; };
		3ED4824C238826BB00E66E93 /* TapBattle.app */ = {isa = PBXFileReference; explicitFileType = wrapper.application; includeInIndex = 0; path = TapBattle.app; sourceTree = BUILT_PRODUCTS_DIR; };
		3ED4824F238826BB00E66E93 /* AppDelegate.swift */ = {isa = PBXFileReference; lastKnownFileType = sourcecode.swift; path = AppDelegate.swift; sourceTree = "<group>"; };
		3ED48251238826BB00E66E93 /* SceneDelegate.swift */ = {isa = PBXFileReference; lastKnownFileType = sourcecode.swift; path = SceneDelegate.swift; sourceTree = "<group>"; };
		3ED48253238826BB00E66E93 /* ViewController.swift */ = {isa = PBXFileReference; lastKnownFileType = sourcecode.swift; path = ViewController.swift; sourceTree = "<group>"; };
		3ED48256238826BB00E66E93 /* Base */ = {isa = PBXFileReference; lastKnownFileType = file.storyboard; name = Base; path = Base.lproj/Main.storyboard; sourceTree = "<group>"; };
		3ED48258238826BE00E66E93 /* Assets.xcassets */ = {isa = PBXFileReference; lastKnownFileType = folder.assetcatalog; path = Assets.xcassets; sourceTree = "<group>"; };
		3ED4825B238826BE00E66E93 /* Base */ = {isa = PBXFileReference; lastKnownFileType = file.storyboard; name = Base; path = Base.lproj/LaunchScreen.storyboard; sourceTree = "<group>"; };
		3ED4825D238826BE00E66E93 /* Info.plist */ = {isa = PBXFileReference; lastKnownFileType = text.plist.xml; path = Info.plist; sourceTree = "<group>"; };
/* End PBXFileReference section */

/* Begin PBXFrameworksBuildPhase section */
		3ED48249238826BB00E66E93 /* Frameworks */ = {
			isa = PBXFrameworksBuildPhase;
			buildActionMask = 2147483647;
			files = (
			);
			runOnlyForDeploymentPostprocessing = 0;
		};
/* End PBXFrameworksBuildPhase section */

/* Begin PBXGroup section */
		3ED48243238826BB00E66E93 = {
			isa = PBXGroup;
			children = (
				3ED4824E238826BB00E66E93 /* TapBattle */,
				3ED4824D238826BB00E66E93 /* Products */,
			);
			sourceTree = "<group>";
		};
		3ED4824D238826BB00E66E93 /* Products */ = {
			isa = PBXGroup;
			children = (
				3ED4824C238826BB00E66E93 /* TapBattle.app */,
			);
			name = Products;
			sourceTree = "<group>";
		};
		3ED4824E238826BB00E66E93 /* TapBattle */ = {
			isa = PBXGroup;
			children = (
				3EBCEEF0238A87A3008AF367 /* pink.png */,
				3EBCEEED238A86E3008AF367 /* skyblue.png */,
				3EBCEEE8238A840D008AF367 /* 03.png */,
				3EBCEEE9238A840D008AF367 /* 06.png */,
				3ED4824F238826BB00E66E93 /* AppDelegate.swift */,
				3ED48251238826BB00E66E93 /* SceneDelegate.swift */,
				3ED48253238826BB00E66E93 /* ViewController.swift */,
				3ED48255238826BB00E66E93 /* Main.storyboard */,
				3ED48258238826BE00E66E93 /* Assets.xcassets */,
				3ED4825A238826BE00E66E93 /* LaunchScreen.storyboard */,
				3ED4825D238826BE00E66E93 /* Info.plist */,
			);
			path = TapBattle;
			sourceTree = "<group>";
		};
/* End PBXGroup section */

/* Begin PBXNativeTarget section */
		3ED4824B238826BB00E66E93 /* TapBattle */ = {
			isa = PBXNativeTarget;
			buildConfigurationList = 3ED48260238826BE00E66E93 /* Build configuration list for PBXNativeTarget "TapBattle" */;
			buildPhases = (
				3ED48248238826BB00E66E93 /* Sources */,
				3ED48249238826BB00E66E93 /* Frameworks */,
				3ED4824A238826BB00E66E93 /* Resources */,
			);
			buildRules = (
			);
			dependencies = (
			);
			name = TapBattle;
			productName = TapBattle;
			productReference = 3ED4824C238826BB00E66E93 /* TapBattle.app */;
			productType = "com.apple.product-type.application";
		};
/* End PBXNativeTarget section */

/* Begin PBXProject section */
		3ED48244238826BB00E66E93 /* Project object */ = {
			isa = PBXProject;
			attributes = {
				LastSwiftUpdateCheck = 1100;
				LastUpgradeCheck = 1100;
				ORGANIZATIONNAME = MioHarada;
				TargetAttributes = {
					3ED4824B238826BB00E66E93 = {
						CreatedOnToolsVersion = 11.0;
					};
				};
			};
			buildConfigurationList = 3ED48247238826BB00E66E93 /* Build configuration list for PBXProject "TapBattle" */;
			compatibilityVersion = "Xcode 9.3";
			developmentRegion = en;
			hasScannedForEncodings = 0;
			knownRegions = (
				en,
				Base,
			);
			mainGroup = 3ED48243238826BB00E66E93;
			productRefGroup = 3ED4824D238826BB00E66E93 /* Products */;
			projectDirPath = "";
			projectRoot = "";
			targets = (
				3ED4824B238826BB00E66E93 /* TapBattle */,
			);
		};
/* End PBXProject section */

/* Begin PBXResourcesBuildPhase section */
		3ED4824A238826BB00E66E93 /* Resources */ = {
			isa = PBXResourcesBuildPhase;
			buildActionMask = 2147483647;
			files = (
				3EBCEEEB238A840D008AF367 /* 06.png in Resources */,
				3EBCEEEA238A840D008AF367 /* 03.png in Resources */,
				3EBCEEF1238A87A3008AF367 /* pink.png in Resources */,
				3ED4825C238826BE00E66E93 /* LaunchScreen.storyboard in Resources */,
				3ED48259238826BE00E66E93 /* Assets.xcassets in Resources */,
				3ED48257238826BB00E66E93 /* Main.storyboard in Resources */,
				3EBCEEEF238A86E3008AF367 /* skyblue.png in Resources */,
			);
			runOnlyForDeploymentPostprocessing = 0;
		};
/* End PBXResourcesBuildPhase section */

/* Begin PBXSourcesBuildPhase section */
		3ED48248238826BB00E66E93 /* Sources */ = {
			isa = PBXSourcesBuildPhase;
			buildActionMask = 2147483647;
			files = (
				3ED48254238826BB00E66E93 /* ViewController.swift in Sources */,
				3ED48250238826BB00E66E93 /* AppDelegate.swift in Sources */,
				3ED48252238826BB00E66E93 /* SceneDelegate.swift in Sources */,
			);
			runOnlyForDeploymentPostprocessing = 0;
		};
/* End PBXSourcesBuildPhase section */

/* Begin PBXVariantGroup section */
		3ED48255238826BB00E66E93 /* Main.storyboard */ = {
			isa = PBXVariantGroup;
			children = (
				3ED48256238826BB00E66E93 /* Base */,
			);
			name = Main.storyboard;
			sourceTree = "<group>";
		};
		3ED4825A238826BE00E66E93 /* LaunchScreen.storyboard */ = {
			isa = PBXVariantGroup;
			children = (
				3ED4825B238826BE00E66E93 /* Base */,
			);
			name = LaunchScreen.storyboard;
			sourceTree = "<group>";
		};
/* End PBXVariantGroup section */

/* Begin XCBuildConfiguration section */
		3ED4825E238826BE00E66E93 /* Debug */ = {
			isa = XCBuildConfiguration;
			buildSettings = {
				ALWAYS_SEARCH_USER_PATHS = NO;
				CLANG_ANALYZER_NONNULL = YES;
				CLANG_ANALYZER_NUMBER_OBJECT_CONVERSION = YES_AGGRESSIVE;
				CLANG_CXX_LANGUAGE_STANDARD = "gnu++14";
				CLANG_CXX_LIBRARY = "libc++";
				CLANG_ENABLE_MODULES = YES;
				CLANG_ENABLE_OBJC_ARC = YES;
				CLANG_ENABLE_OBJC_WEAK = YES;
				CLANG_WARN_BLOCK_CAPTURE_AUTORELEASING = YES;
				CLANG_WARN_BOOL_CONVERSION = YES;
				CLANG_WARN_COMMA = YES;
				CLANG_WARN_CONSTANT_CONVERSION = YES;
				CLANG_WARN_DEPRECATED_OBJC_IMPLEMENTATIONS = YES;
				CLANG_WARN_DIRECT_OBJC_ISA_USAGE = YES_ERROR;
				CLANG_WARN_DOCUMENTATION_COMMENTS = YES;
				CLANG_WARN_EMPTY_BODY = YES;
				CLANG_WARN_ENUM_CONVERSION = YES;
				CLANG_WARN_INFINITE_RECURSION = YES;
				CLANG_WARN_INT_CONVERSION = YES;
				CLANG_WARN_NON_LITERAL_NULL_CONVERSION = YES;
				CLANG_WARN_OBJC_IMPLICIT_RETAIN_SELF = YES;
				CLANG_WARN_OBJC_LITERAL_CONVERSION = YES;
				CLANG_WARN_OBJC_ROOT_CLASS = YES_ERROR;
				CLANG_WARN_RANGE_LOOP_ANALYSIS = YES;
				CLANG_WARN_STRICT_PROTOTYPES = YES;
				CLANG_WARN_SUSPICIOUS_MOVE = YES;
				CLANG_WARN_UNGUARDED_AVAILABILITY = YES_AGGRESSIVE;
				CLANG_WARN_UNREACHABLE_CODE = YES;
				CLANG_WARN__DUPLICATE_METHOD_MATCH = YES;
				COPY_PHASE_STRIP = NO;
				DEBUG_INFORMATION_FORMAT = dwarf;
				ENABLE_STRICT_OBJC_MSGSEND = YES;
				ENABLE_TESTABILITY = YES;
				GCC_C_LANGUAGE_STANDARD = gnu11;
				GCC_DYNAMIC_NO_PIC = NO;
				GCC_NO_COMMON_BLOCKS = YES;
				GCC_OPTIMIZATION_LEVEL = 0;
				GCC_PREPROCESSOR_DEFINITIONS = (
					"DEBUG=1",
					"$(inherited)",
				);
				GCC_WARN_64_TO_32_BIT_CONVERSION = YES;
				GCC_WARN_ABOUT_RETURN_TYPE = YES_ERROR;
				GCC_WARN_UNDECLARED_SELECTOR = YES;
				GCC_WARN_UNINITIALIZED_AUTOS = YES_AGGRESSIVE;
				GCC_WARN_UNUSED_FUNCTION = YES;
				GCC_WARN_UNUSED_VARIABLE = YES;
				IPHONEOS_DEPLOYMENT_TARGET = 13.0;
				MTL_ENABLE_DEBUG_INFO = INCLUDE_SOURCE;
				MTL_FAST_MATH = YES;
				ONLY_ACTIVE_ARCH = YES;
				SDKROOT = iphoneos;
				SWIFT_ACTIVE_COMPILATION_CONDITIONS = DEBUG;
				SWIFT_OPTIMIZATION_LEVEL = "-Onone";
			};
			name = Debug;
		};
		3ED4825F238826BE00E66E93 /* Release */ = {
			isa = XCBuildConfiguration;
			buildSettings = {
				ALWAYS_SEARCH_USER_PATHS = NO;
				CLANG_ANALYZER_NONNULL = YES;
				CLANG_ANALYZER_NUMBER_OBJECT_CONVERSION = YES_AGGRESSIVE;
				CLANG_CXX_LANGUAGE_STANDARD = "gnu++14";
				CLANG_CXX_LIBRARY = "libc++";
				CLANG_ENABLE_MODULES = YES;
				CLANG_ENABLE_OBJC_ARC = YES;
				CLANG_ENABLE_OBJC_WEAK = YES;
				CLANG_WARN_BLOCK_CAPTURE_AUTORELEASING = YES;
				CLANG_WARN_BOOL_CONVERSION = YES;
				CLANG_WARN_COMMA = YES;
				CLANG_WARN_CONSTANT_CONVERSION = YES;
				CLANG_WARN_DEPRECATED_OBJC_IMPLEMENTATIONS = YES;
				CLANG_WARN_DIRECT_OBJC_ISA_USAGE = YES_ERROR;
				CLANG_WARN_DOCUMENTATION_COMMENTS = YES;
				CLANG_WARN_EMPTY_BODY = YES;
				CLANG_WARN_ENUM_CONVERSION = YES;
				CLANG_WARN_INFINITE_RECURSION = YES;
				CLANG_WARN_INT_CONVERSION = YES;
				CLANG_WARN_NON_LITERAL_NULL_CONVERSION = YES;
				CLANG_WARN_OBJC_IMPLICIT_RETAIN_SELF = YES;
				CLANG_WARN_OBJC_LITERAL_CONVERSION = YES;
				CLANG_WARN_OBJC_ROOT_CLASS = YES_ERROR;
				CLANG_WARN_RANGE_LOOP_ANALYSIS = YES;
				CLANG_WARN_STRICT_PROTOTYPES = YES;
				CLANG_WARN_SUSPICIOUS_MOVE = YES;
				CLANG_WARN_UNGUARDED_AVAILABILITY = YES_AGGRESSIVE;
				CLANG_WARN_UNREACHABLE_CODE = YES;
				CLANG_WARN__DUPLICATE_METHOD_MATCH = YES;
				COPY_PHASE_STRIP = NO;
				DEBUG_INFORMATION_FORMAT = "dwarf-with-dsym";
				ENABLE_NS_ASSERTIONS = NO;
				ENABLE_STRICT_OBJC_MSGSEND = YES;
				GCC_C_LANGUAGE_STANDARD = gnu11;
				GCC_NO_COMMON_BLOCKS = YES;
				GCC_WARN_64_TO_32_BIT_CONVERSION = YES;
				GCC_WARN_ABOUT_RETURN_TYPE = YES_ERROR;
				GCC_WARN_UNDECLARED_SELECTOR = YES;
				GCC_WARN_UNINITIALIZED_AUTOS = YES_AGGRESSIVE;
				GCC_WARN_UNUSED_FUNCTION = YES;
				GCC_WARN_UNUSED_VARIABLE = YES;
				IPHONEOS_DEPLOYMENT_TARGET = 13.0;
				MTL_ENABLE_DEBUG_INFO = NO;
				MTL_FAST_MATH = YES;
				SDKROOT = iphoneos;
				SWIFT_COMPILATION_MODE = wholemodule;
				SWIFT_OPTIMIZATION_LEVEL = "-O";
				VALIDATE_PRODUCT = YES;
			};
			name = Release;
		};
		3ED48261238826BE00E66E93 /* Debug */ = {
			isa = XCBuildConfiguration;
			buildSettings = {
				ASSETCATALOG_COMPILER_APPICON_NAME = AppIcon;
				CODE_SIGN_STYLE = Automatic;
				DEVELOPMENT_TEAM = PQLC54YQKB;
				INFOPLIST_FILE = TapBattle/Info.plist;
				LD_RUNPATH_SEARCH_PATHS = (
					"$(inherited)",
					"@executable_path/Frameworks",
				);
				PRODUCT_BUNDLE_IDENTIFIER = com.rabbit.TapBattle;
				PRODUCT_NAME = "$(TARGET_NAME)";
				SWIFT_VERSION = 5.0;
				TARGETED_DEVICE_FAMILY = "1,2";
			};
			name = Debug;
		};
		3ED48262238826BE00E66E93 /* Release */ = {
			isa = XCBuildConfiguration;
			buildSettings = {
				ASSETCATALOG_COMPILER_APPICON_NAME = AppIcon;
				CODE_SIGN_STYLE = Automatic;
				DEVELOPMENT_TEAM = PQLC54YQKB;
				INFOPLIST_FILE = TapBattle/Info.plist;
				LD_RUNPATH_SEARCH_PATHS = (
					"$(inherited)",
					"@executable_path/Frameworks",
				);
				PRODUCT_BUNDLE_IDENTIFIER = com.rabbit.TapBattle;
				PRODUCT_NAME = "$(TARGET_NAME)";
				SWIFT_VERSION = 5.0;
				TARGETED_DEVICE_FAMILY = "1,2";
			};
			name = Release;
		};
/* End XCBuildConfiguration section */

/* Begin XCConfigurationList section */
		3ED48247238826BB00E66E93 /* Build configuration list for PBXProject "TapBattle" */ = {
			isa = XCConfigurationList;
			buildConfigurations = (
				3ED4825E238826BE00E66E93 /* Debug */,
				3ED4825F238826BE00E66E93 /* Release */,
			);
			defaultConfigurationIsVisible = 0;
			defaultConfigurationName = Release;
		};
		3ED48260238826BE00E66E93 /* Build configuration list for PBXNativeTarget "TapBattle" */ = {
			isa = XCConfigurationList;
			buildConfigurations = (
				3ED48261238826BE00E66E93 /* Debug */,
				3ED48262238826BE00E66E93 /* Release */,
			);
			defaultConfigurationIsVisible = 0;
			defaultConfigurationName = Release;
		};
/* End XCConfigurationList section */
	};
	rootObject = 3ED48244238826BB00E66E93 /* Project object */;
}
